
Microsoft Visual Studio Solution File, Format Version 12.00
# Visual Studio Version 17
VisualStudioVersion = 17.5.33516.290
MinimumVisualStudioVersion = 10.0.40219.1
Project("{FAE04EC0-301F-11D3-BF4B-00C04F79EFBC}") = "ConsoleAppCertificados", "ConsoleAppCertificados.csproj", "{F234280C-0B1C-4BCC-B62F-DB7AFA5F0FBF}"
EndProject
Project("{FAE04EC0-301F-11D3-BF4B-00C04F79EFBC}") = "ConsoleAppCertificadosNF", "..\ConsoleAppCertificadosNF\ConsoleAppCertificadosNF.csproj", "{4DDD0B79-F6DE-46C8-BCEC-BCAEC47A37E1}"
EndProject
Global
	GlobalSection(SolutionConfigurationPlatforms) = preSolution
		Debug|Any CPU = Debug|Any CPU
		Release|Any CPU = Release|Any CPU
	EndGlobalSection
	GlobalSection(ProjectConfigurationPlatforms) = postSolution
		{F234280C-0B1C-4BCC-B62F-DB7AFA5F0FBF}.Debug|Any CPU.ActiveCfg = Debug|Any CPU
		{F234280C-0B1C-4BCC-B62F-DB7AFA5F0FBF}.Debug|Any CPU.Build.0 = Debug|Any CPU
		{F234280C-0B1C-4BCC-B62F-DB7AFA5F0FBF}.Release|Any CPU.ActiveCfg = Release|Any CPU
		{F234280C-0B1C-4BCC-B62F-DB7AFA5F0FBF}.Release|Any CPU.Build.0 = Release|Any CPU
		{4DDD0B79-F6DE-46C8-BCEC-BCAEC47A37E1}.Debug|Any CPU.ActiveCfg = Debug|Any CPU
		{4DDD0B79-F6DE-46C8-BCEC-BCAEC47A37E1}.Debug|Any CPU.Build.0 = Debug|Any CPU
		{4DDD0B79-F6DE-46C8-BCEC-BCAEC47A37E1}.Release|Any CPU.ActiveCfg = Release|Any CPU
		{4DDD0B79-F6DE-46C8-BCEC-BCAEC47A37E1}.Release|Any CPU.Build.0 = Release|Any CPU
	EndGlobalSection
	GlobalSection(SolutionProperties) = preSolution
		HideSolutionNode = FALSE
	EndGlobalSection
	GlobalSection(ExtensibilityGlobals) = postSolution
		SolutionGuid = {F5B101B3-0AA4-417A-B344-9F737BB24486}
	EndGlobalSection
EndGlobal
